
Microsoft Visual Studio Solution File, Format Version 12.00
# Visual Studio Version 16
VisualStudioVersion = 16.0.31515.178
MinimumVisualStudioVersion = 10.0.40219.1
Project("{FAE04EC0-301F-11D3-BF4B-00C04F79EFBC}") = "CauseEffectGraph", "CauseEffectGraph\CauseEffectGraph.csproj", "{A8140FD4-0DFE-4FCB-B836-9C0BC84CC10A}"
EndProject
Global
	GlobalSection(SolutionConfigurationPlatforms) = preSolution
		Debug|Any CPU = Debug|Any CPU
		Release|Any CPU = Release|Any CPU
	EndGlobalSection
	GlobalSection(ProjectConfigurationPlatforms) = postSolution
		{A8140FD4-0DFE-4FCB-B836-9C0BC84CC10A}.Debug|Any CPU.ActiveCfg = Debug|Any CPU
		{A8140FD4-0DFE-4FCB-B836-9C0BC84CC10A}.Debug|Any CPU.Build.0 = Debug|Any CPU
		{A8140FD4-0DFE-4FCB-B836-9C0BC84CC10A}.Release|Any CPU.ActiveCfg = Release|Any CPU
		{A8140FD4-0DFE-4FCB-B836-9C0BC84CC10A}.Release|Any CPU.Build.0 = Release|Any CPU
	EndGlobalSection
	GlobalSection(SolutionProperties) = preSolution
		HideSolutionNode = FALSE
	EndGlobalSection
	GlobalSection(ExtensibilityGlobals) = postSolution
		SolutionGuid = {F4E36676-8841-4B5F-BD72-3D2ACC3830DA}
	EndGlobalSection
EndGlobal
